// !$*UTF8*$!
{
	archiveVersion = 1;
	classes = {
	};
	objectVersion = 48;
	objects = {

/* Begin PBXBuildFile section */
		3A90565B542337B3B3B2BD0D /* libPods-OC_RNUITests.a in Frameworks */ = {isa = PBXBuildFile; fileRef = 52EDE288FBBBDB8406318029 /* libPods-OC_RNUITests.a */; };
		8DF77690446D27869F162950 /* libPods-OC_RN.a in Frameworks */ = {isa = PBXBuildFile; fileRef = 82A496BCBBBE151211203F17 /* libPods-OC_RN.a */; };
		A95AAC3A9C55DB8C389518E2 /* libPods-OC_RNTests.a in Frameworks */ = {isa = PBXBuildFile; fileRef = EB5E501A294292EBC9EA26BB /* libPods-OC_RNTests.a */; };
		C34A49982003670200FEBB50 /* AppDelegate.m in Sources */ = {isa = PBXBuildFile; fileRef = C34A49972003670200FEBB50 /* AppDelegate.m */; };
		C34A499B2003670200FEBB50 /* ViewController.m in Sources */ = {isa = PBXBuildFile; fileRef = C34A499A2003670200FEBB50 /* ViewController.m */; };
		C34A499E2003670200FEBB50 /* Main.storyboard in Resources */ = {isa = PBXBuildFile; fileRef = C34A499C2003670200FEBB50 /* Main.storyboard */; };
		C34A49A02003670200FEBB50 /* Assets.xcassets in Resources */ = {isa = PBXBuildFile; fileRef = C34A499F2003670200FEBB50 /* Assets.xcassets */; };
		C34A49A32003670200FEBB50 /* LaunchScreen.storyboard in Resources */ = {isa = PBXBuildFile; fileRef = C34A49A12003670200FEBB50 /* LaunchScreen.storyboard */; };
		C34A49A62003670200FEBB50 /* main.m in Sources */ = {isa = PBXBuildFile; fileRef = C34A49A52003670200FEBB50 /* main.m */; };
		C34A49B02003670200FEBB50 /* OC_RNTests.m in Sources */ = {isa = PBXBuildFile; fileRef = C34A49AF2003670200FEBB50 /* OC_RNTests.m */; };
		C34A49BB2003670200FEBB50 /* OC_RNUITests.m in Sources */ = {isa = PBXBuildFile; fileRef = C34A49BA2003670200FEBB50 /* OC_RNUITests.m */; };
/* End PBXBuildFile section */

/* Begin PBXContainerItemProxy section */
		C34A49AC2003670200FEBB50 /* PBXContainerItemProxy */ = {
			isa = PBXContainerItemProxy;
			containerPortal = C34A498B2003670200FEBB50 /* Project object */;
			proxyType = 1;
			remoteGlobalIDString = C34A49922003670200FEBB50;
			remoteInfo = OC_RN;
		};
		C34A49B72003670200FEBB50 /* PBXContainerItemProxy */ = {
			isa = PBXContainerItemProxy;
			containerPortal = C34A498B2003670200FEBB50 /* Project object */;
			proxyType = 1;
			remoteGlobalIDString = C34A49922003670200FEBB50;
			remoteInfo = OC_RN;
		};
/* End PBXContainerItemProxy section */

/* Begin PBXFileReference section */
		0389A32D874F6D173582EFBA /* Pods-OC_RN.release.xcconfig */ = {isa = PBXFileReference; includeInIndex = 1; lastKnownFileType = text.xcconfig; name = "Pods-OC_RN.release.xcconfig"; path = "Pods/Target Support Files/Pods-OC_RN/Pods-OC_RN.release.xcconfig"; sourceTree = "<group>"; };
		09BFC51F59339387BD086F57 /* Pods-OC_RNUITests.release.xcconfig */ = {isa = PBXFileReference; includeInIndex = 1; lastKnownFileType = text.xcconfig; name = "Pods-OC_RNUITests.release.xcconfig"; path = "Pods/Target Support Files/Pods-OC_RNUITests/Pods-OC_RNUITests.release.xcconfig"; sourceTree = "<group>"; };
		52EDE288FBBBDB8406318029 /* libPods-OC_RNUITests.a */ = {isa = PBXFileReference; explicitFileType = archive.ar; includeInIndex = 0; path = "libPods-OC_RNUITests.a"; sourceTree = BUILT_PRODUCTS_DIR; };
		6758F49C1FD9AD39544CB146 /* Pods-OC_RNTests.debug.xcconfig */ = {isa = PBXFileReference; includeInIndex = 1; lastKnownFileType = text.xcconfig; name = "Pods-OC_RNTests.debug.xcconfig"; path = "Pods/Target Support Files/Pods-OC_RNTests/Pods-OC_RNTests.debug.xcconfig"; sourceTree = "<group>"; };
		6B88EB4EAD136C8AD87847FF /* Pods-OC_RNUITests.debug.xcconfig */ = {isa = PBXFileReference; includeInIndex = 1; lastKnownFileType = text.xcconfig; name = "Pods-OC_RNUITests.debug.xcconfig"; path = "Pods/Target Support Files/Pods-OC_RNUITests/Pods-OC_RNUITests.debug.xcconfig"; sourceTree = "<group>"; };
		82A496BCBBBE151211203F17 /* libPods-OC_RN.a */ = {isa = PBXFileReference; explicitFileType = archive.ar; includeInIndex = 0; path = "libPods-OC_RN.a"; sourceTree = BUILT_PRODUCTS_DIR; };
		AADD4720F9D8F9ED4E13B4F7 /* Pods-OC_RNTests.release.xcconfig */ = {isa = PBXFileReference; includeInIndex = 1; lastKnownFileType = text.xcconfig; name = "Pods-OC_RNTests.release.xcconfig"; path = "Pods/Target Support Files/Pods-OC_RNTests/Pods-OC_RNTests.release.xcconfig"; sourceTree = "<group>"; };
		C34A49932003670200FEBB50 /* OC_RN.app */ = {isa = PBXFileReference; explicitFileType = wrapper.application; includeInIndex = 0; path = OC_RN.app; sourceTree = BUILT_PRODUCTS_DIR; };
		C34A49962003670200FEBB50 /* AppDelegate.h */ = {isa = PBXFileReference; lastKnownFileType = sourcecode.c.h; path = AppDelegate.h; sourceTree = "<group>"; };
		C34A49972003670200FEBB50 /* AppDelegate.m */ = {isa = PBXFileReference; lastKnownFileType = sourcecode.c.objc; path = AppDelegate.m; sourceTree = "<group>"; };
		C34A49992003670200FEBB50 /* ViewController.h */ = {isa = PBXFileReference; lastKnownFileType = sourcecode.c.h; path = ViewController.h; sourceTree = "<group>"; };
		C34A499A2003670200FEBB50 /* ViewController.m */ = {isa = PBXFileReference; lastKnownFileType = sourcecode.c.objc; path = ViewController.m; sourceTree = "<group>"; };
		C34A499D2003670200FEBB50 /* Base */ = {isa = PBXFileReference; lastKnownFileType = file.storyboard; name = Base; path = Base.lproj/Main.storyboard; sourceTree = "<group>"; };
		C34A499F2003670200FEBB50 /* Assets.xcassets */ = {isa = PBXFileReference; lastKnownFileType = folder.assetcatalog; path = Assets.xcassets; sourceTree = "<group>"; };
		C34A49A22003670200FEBB50 /* Base */ = {isa = PBXFileReference; lastKnownFileType = file.storyboard; name = Base; path = Base.lproj/LaunchScreen.storyboard; sourceTree = "<group>"; };
		C34A49A42003670200FEBB50 /* Info.plist */ = {isa = PBXFileReference; lastKnownFileType = text.plist.xml; path = Info.plist; sourceTree = "<group>"; };
		C34A49A52003670200FEBB50 /* main.m */ = {isa = PBXFileReference; lastKnownFileType = sourcecode.c.objc; path = main.m; sourceTree = "<group>"; };
		C34A49AB2003670200FEBB50 /* OC_RNTests.xctest */ = {isa = PBXFileReference; explicitFileType = wrapper.cfbundle; includeInIndex = 0; path = OC_RNTests.xctest; sourceTree = BUILT_PRODUCTS_DIR; };
		C34A49AF2003670200FEBB50 /* OC_RNTests.m */ = {isa = PBXFileReference; lastKnownFileType = sourcecode.c.objc; path = OC_RNTests.m; sourceTree = "<group>"; };
		C34A49B12003670200FEBB50 /* Info.plist */ = {isa = PBXFileReference; lastKnownFileType = text.plist.xml; path = Info.plist; sourceTree = "<group>"; };
		C34A49B62003670200FEBB50 /* OC_RNUITests.xctest */ = {isa = PBXFileReference; explicitFileType = wrapper.cfbundle; includeInIndex = 0; path = OC_RNUITests.xctest; sourceTree = BUILT_PRODUCTS_DIR; };
		C34A49BA2003670200FEBB50 /* OC_RNUITests.m */ = {isa = PBXFileReference; lastKnownFileType = sourcecode.c.objc; path = OC_RNUITests.m; sourceTree = "<group>"; };
		C34A49BC2003670200FEBB50 /* Info.plist */ = {isa = PBXFileReference; lastKnownFileType = text.plist.xml; path = Info.plist; sourceTree = "<group>"; };
		E31D0F1D9B853F6D0CE86601 /* Pods-OC_RN.debug.xcconfig */ = {isa = PBXFileReference; includeInIndex = 1; lastKnownFileType = text.xcconfig; name = "Pods-OC_RN.debug.xcconfig"; path = "Pods/Target Support Files/Pods-OC_RN/Pods-OC_RN.debug.xcconfig"; sourceTree = "<group>"; };
		EB5E501A294292EBC9EA26BB /* libPods-OC_RNTests.a */ = {isa = PBXFileReference; explicitFileType = archive.ar; includeInIndex = 0; path = "libPods-OC_RNTests.a"; sourceTree = BUILT_PRODUCTS_DIR; };
/* End PBXFileReference section */

/* Begin PBXFrameworksBuildPhase section */
		C34A49902003670200FEBB50 /* Frameworks */ = {
			isa = PBXFrameworksBuildPhase;
			buildActionMask = 2147483647;
			files = (
				8DF77690446D27869F162950 /* libPods-OC_RN.a in Frameworks */,
			);
			runOnlyForDeploymentPostprocessing = 0;
		};
		C34A49A82003670200FEBB50 /* Frameworks */ = {
			isa = PBXFrameworksBuildPhase;
			buildActionMask = 2147483647;
			files = (
				A95AAC3A9C55DB8C389518E2 /* libPods-OC_RNTests.a in Frameworks */,
			);
			runOnlyForDeploymentPostprocessing = 0;
		};
		C34A49B32003670200FEBB50 /* Frameworks */ = {
			isa = PBXFrameworksBuildPhase;
			buildActionMask = 2147483647;
			files = (
				3A90565B542337B3B3B2BD0D /* libPods-OC_RNUITests.a in Frameworks */,
			);
			runOnlyForDeploymentPostprocessing = 0;
		};
/* End PBXFrameworksBuildPhase section */

/* Begin PBXGroup section */
		AE7CA321AC1C9C93E3631960 /* Pods */ = {
			isa = PBXGroup;
			children = (
				E31D0F1D9B853F6D0CE86601 /* Pods-OC_RN.debug.xcconfig */,
				0389A32D874F6D173582EFBA /* Pods-OC_RN.release.xcconfig */,
				6758F49C1FD9AD39544CB146 /* Pods-OC_RNTests.debug.xcconfig */,
				AADD4720F9D8F9ED4E13B4F7 /* Pods-OC_RNTests.release.xcconfig */,
				6B88EB4EAD136C8AD87847FF /* Pods-OC_RNUITests.debug.xcconfig */,
				09BFC51F59339387BD086F57 /* Pods-OC_RNUITests.release.xcconfig */,
			);
			name = Pods;
			sourceTree = "<group>";
		};
		C13F5726250D6C1125F84893 /* Frameworks */ = {
			isa = PBXGroup;
			children = (
				82A496BCBBBE151211203F17 /* libPods-OC_RN.a */,
				EB5E501A294292EBC9EA26BB /* libPods-OC_RNTests.a */,
				52EDE288FBBBDB8406318029 /* libPods-OC_RNUITests.a */,
			);
			name = Frameworks;
			sourceTree = "<group>";
		};
		C34A498A2003670200FEBB50 = {
			isa = PBXGroup;
			children = (
				C34A49952003670200FEBB50 /* OC_RN */,
				C34A49AE2003670200FEBB50 /* OC_RNTests */,
				C34A49B92003670200FEBB50 /* OC_RNUITests */,
				C34A49942003670200FEBB50 /* Products */,
				AE7CA321AC1C9C93E3631960 /* Pods */,
				C13F5726250D6C1125F84893 /* Frameworks */,
			);
			sourceTree = "<group>";
		};
		C34A49942003670200FEBB50 /* Products */ = {
			isa = PBXGroup;
			children = (
				C34A49932003670200FEBB50 /* OC_RN.app */,
				C34A49AB2003670200FEBB50 /* OC_RNTests.xctest */,
				C34A49B62003670200FEBB50 /* OC_RNUITests.xctest */,
			);
			name = Products;
			sourceTree = "<group>";
		};
		C34A49952003670200FEBB50 /* OC_RN */ = {
			isa = PBXGroup;
			children = (
				C34A49962003670200FEBB50 /* AppDelegate.h */,
				C34A49972003670200FEBB50 /* AppDelegate.m */,
				C34A49992003670200FEBB50 /* ViewController.h */,
				C34A499A2003670200FEBB50 /* ViewController.m */,
				C34A499C2003670200FEBB50 /* Main.storyboard */,
				C34A499F2003670200FEBB50 /* Assets.xcassets */,
				C34A49A12003670200FEBB50 /* LaunchScreen.storyboard */,
				C34A49A42003670200FEBB50 /* Info.plist */,
				C34A49A52003670200FEBB50 /* main.m */,
			);
			path = OC_RN;
			sourceTree = "<group>";
		};
		C34A49AE2003670200FEBB50 /* OC_RNTests */ = {
			isa = PBXGroup;
			children = (
				C34A49AF2003670200FEBB50 /* OC_RNTests.m */,
				C34A49B12003670200FEBB50 /* Info.plist */,
			);
			path = OC_RNTests;
			sourceTree = "<group>";
		};
		C34A49B92003670200FEBB50 /* OC_RNUITests */ = {
			isa = PBXGroup;
			children = (
				C34A49BA2003670200FEBB50 /* OC_RNUITests.m */,
				C34A49BC2003670200FEBB50 /* Info.plist */,
			);
			path = OC_RNUITests;
			sourceTree = "<group>";
		};
/* End PBXGroup section */

/* Begin PBXNativeTarget section */
		C34A49922003670200FEBB50 /* OC_RN */ = {
			isa = PBXNativeTarget;
			buildConfigurationList = C34A49BF2003670200FEBB50 /* Build configuration list for PBXNativeTarget "OC_RN" */;
			buildPhases = (
				C4DD66E949EB5EFCCA23D157 /* [CP] Check Pods Manifest.lock */,
				C34A498F2003670200FEBB50 /* Sources */,
				C34A49902003670200FEBB50 /* Frameworks */,
				C34A49912003670200FEBB50 /* Resources */,
				3BAA7841C0B7C89E180DA88C /* [CP] Embed Pods Frameworks */,
				82BC46B682F0AC6A0E17FAEB /* [CP] Copy Pods Resources */,
			);
			buildRules = (
			);
			dependencies = (
			);
			name = OC_RN;
			productName = OC_RN;
			productReference = C34A49932003670200FEBB50 /* OC_RN.app */;
			productType = "com.apple.product-type.application";
		};
		C34A49AA2003670200FEBB50 /* OC_RNTests */ = {
			isa = PBXNativeTarget;
			buildConfigurationList = C34A49C22003670200FEBB50 /* Build configuration list for PBXNativeTarget "OC_RNTests" */;
			buildPhases = (
				D0477371BB13C835DA4C1A41 /* [CP] Check Pods Manifest.lock */,
				C34A49A72003670200FEBB50 /* Sources */,
				C34A49A82003670200FEBB50 /* Frameworks */,
				C34A49A92003670200FEBB50 /* Resources */,
				C554ADBAFEE61D9D44AEFE9C /* [CP] Embed Pods Frameworks */,
				2F934DFEA7E8B0BD2980CF2C /* [CP] Copy Pods Resources */,
			);
			buildRules = (
			);
			dependencies = (
				C34A49AD2003670200FEBB50 /* PBXTargetDependency */,
			);
			name = OC_RNTests;
			productName = OC_RNTests;
			productReference = C34A49AB2003670200FEBB50 /* OC_RNTests.xctest */;
			productType = "com.apple.product-type.bundle.unit-test";
		};
		C34A49B52003670200FEBB50 /* OC_RNUITests */ = {
			isa = PBXNativeTarget;
			buildConfigurationList = C34A49C52003670200FEBB50 /* Build configuration list for PBXNativeTarget "OC_RNUITests" */;
			buildPhases = (
				D67EABD86CA823CED49C499C /* [CP] Check Pods Manifest.lock */,
				C34A49B22003670200FEBB50 /* Sources */,
				C34A49B32003670200FEBB50 /* Frameworks */,
				C34A49B42003670200FEBB50 /* Resources */,
				A15BE3E0ABC521B0A6BBEDA2 /* [CP] Embed Pods Frameworks */,
				4F9417EB1CB3A75A84B67AC4 /* [CP] Copy Pods Resources */,
			);
			buildRules = (
			);
			dependencies = (
				C34A49B82003670200FEBB50 /* PBXTargetDependency */,
			);
			name = OC_RNUITests;
			productName = OC_RNUITests;
			productReference = C34A49B62003670200FEBB50 /* OC_RNUITests.xctest */;
			productType = "com.apple.product-type.bundle.ui-testing";
		};
/* End PBXNativeTarget section */

/* Begin PBXProject section */
		C34A498B2003670200FEBB50 /* Project object */ = {
			isa = PBXProject;
			attributes = {
				LastUpgradeCheck = 0920;
				ORGANIZATIONNAME = Wenter.Zhu;
				TargetAttributes = {
					C34A49922003670200FEBB50 = {
						CreatedOnToolsVersion = 9.2;
						ProvisioningStyle = Automatic;
					};
					C34A49AA2003670200FEBB50 = {
						CreatedOnToolsVersion = 9.2;
						ProvisioningStyle = Automatic;
						TestTargetID = C34A49922003670200FEBB50;
					};
					C34A49B52003670200FEBB50 = {
						CreatedOnToolsVersion = 9.2;
						ProvisioningStyle = Automatic;
						TestTargetID = C34A49922003670200FEBB50;
					};
				};
			};
			buildConfigurationList = C34A498E2003670200FEBB50 /* Build configuration list for PBXProject "OC_RN" */;
			compatibilityVersion = "Xcode 8.0";
			developmentRegion = en;
			hasScannedForEncodings = 0;
			knownRegions = (
				en,
				Base,
			);
			mainGroup = C34A498A2003670200FEBB50;
			productRefGroup = C34A49942003670200FEBB50 /* Products */;
			projectDirPath = "";
			projectRoot = "";
			targets = (
				C34A49922003670200FEBB50 /* OC_RN */,
				C34A49AA2003670200FEBB50 /* OC_RNTests */,
				C34A49B52003670200FEBB50 /* OC_RNUITests */,
			);
		};
/* End PBXProject section */

/* Begin PBXResourcesBuildPhase section */
		C34A49912003670200FEBB50 /* Resources */ = {
			isa = PBXResourcesBuildPhase;
			buildActionMask = 2147483647;
			files = (
				C34A49A32003670200FEBB50 /* LaunchScreen.storyboard in Resources */,
				C34A49A02003670200FEBB50 /* Assets.xcassets in Resources */,
				C34A499E2003670200FEBB50 /* Main.storyboard in Resources */,
			);
			runOnlyForDeploymentPostprocessing = 0;
		};
		C34A49A92003670200FEBB50 /* Resources */ = {
			isa = PBXResourcesBuildPhase;
			buildActionMask = 2147483647;
			files = (
			);
			runOnlyForDeploymentPostprocessing = 0;
		};
		C34A49B42003670200FEBB50 /* Resources */ = {
			isa = PBXResourcesBuildPhase;
			buildActionMask = 2147483647;
			files = (
			);
			runOnlyForDeploymentPostprocessing = 0;
		};
/* End PBXResourcesBuildPhase section */

/* Begin PBXShellScriptBuildPhase section */
		2F934DFEA7E8B0BD2980CF2C /* [CP] Copy Pods Resources */ = {
			isa = PBXShellScriptBuildPhase;
			buildActionMask = 2147483647;
			files = (
			);
			inputPaths = (
			);
			name = "[CP] Copy Pods Resources";
			outputPaths = (
			);
			runOnlyForDeploymentPostprocessing = 0;
			shellPath = /bin/sh;
			shellScript = "\"${SRCROOT}/Pods/Target Support Files/Pods-OC_RNTests/Pods-OC_RNTests-resources.sh\"\n";
			showEnvVarsInLog = 0;
		};
		3BAA7841C0B7C89E180DA88C /* [CP] Embed Pods Frameworks */ = {
			isa = PBXShellScriptBuildPhase;
			buildActionMask = 2147483647;
			files = (
			);
			inputPaths = (
			);
			name = "[CP] Embed Pods Frameworks";
			outputPaths = (
			);
			runOnlyForDeploymentPostprocessing = 0;
			shellPath = /bin/sh;
			shellScript = "\"${SRCROOT}/Pods/Target Support Files/Pods-OC_RN/Pods-OC_RN-frameworks.sh\"\n";
			showEnvVarsInLog = 0;
		};
		4F9417EB1CB3A75A84B67AC4 /* [CP] Copy Pods Resources */ = {
			isa = PBXShellScriptBuildPhase;
			buildActionMask = 2147483647;
			files = (
			);
			inputPaths = (
			);
			name = "[CP] Copy Pods Resources";
			outputPaths = (
			);
			runOnlyForDeploymentPostprocessing = 0;
			shellPath = /bin/sh;
			shellScript = "\"${SRCROOT}/Pods/Target Support Files/Pods-OC_RNUITests/Pods-OC_RNUITests-resources.sh\"\n";
			showEnvVarsInLog = 0;
		};
		82BC46B682F0AC6A0E17FAEB /* [CP] Copy Pods Resources */ = {
			isa = PBXShellScriptBuildPhase;
			buildActionMask = 2147483647;
			files = (
			);
			inputPaths = (
			);
			name = "[CP] Copy Pods Resources";
			outputPaths = (
			);
			runOnlyForDeploymentPostprocessing = 0;
			shellPath = /bin/sh;
			shellScript = "\"${SRCROOT}/Pods/Target Support Files/Pods-OC_RN/Pods-OC_RN-resources.sh\"\n";
			showEnvVarsInLog = 0;
		};
		A15BE3E0ABC521B0A6BBEDA2 /* [CP] Embed Pods Frameworks */ = {
			isa = PBXShellScriptBuildPhase;
			buildActionMask = 2147483647;
			files = (
			);
			inputPaths = (
			);
			name = "[CP] Embed Pods Frameworks";
			outputPaths = (
			);
			runOnlyForDeploymentPostprocessing = 0;
			shellPath = /bin/sh;
			shellScript = "\"${SRCROOT}/Pods/Target Support Files/Pods-OC_RNUITests/Pods-OC_RNUITests-frameworks.sh\"\n";
			showEnvVarsInLog = 0;
		};
		C4DD66E949EB5EFCCA23D157 /* [CP] Check Pods Manifest.lock */ = {
			isa = PBXShellScriptBuildPhase;
			buildActionMask = 2147483647;
			files = (
			);
			inputPaths = (
				"${PODS_PODFILE_DIR_PATH}/Podfile.lock",
				"${PODS_ROOT}/Manifest.lock",
			);
			name = "[CP] Check Pods Manifest.lock";
			outputPaths = (
				"$(DERIVED_FILE_DIR)/Pods-OC_RN-checkManifestLockResult.txt",
			);
			runOnlyForDeploymentPostprocessing = 0;
			shellPath = /bin/sh;
			shellScript = "diff \"${PODS_PODFILE_DIR_PATH}/Podfile.lock\" \"${PODS_ROOT}/Manifest.lock\" > /dev/null\nif [ $? != 0 ] ; then\n    # print error to STDERR\n    echo \"error: The sandbox is not in sync with the Podfile.lock. Run 'pod install' or update your CocoaPods installation.\" >&2\n    exit 1\nfi\n# This output is used by Xcode 'outputs' to avoid re-running this script phase.\necho \"SUCCESS\" > \"${SCRIPT_OUTPUT_FILE_0}\"\n";
			showEnvVarsInLog = 0;
		};
		C554ADBAFEE61D9D44AEFE9C /* [CP] Embed Pods Frameworks */ = {
			isa = PBXShellScriptBuildPhase;
			buildActionMask = 2147483647;
			files = (
			);
			inputPaths = (
			);
			name = "[CP] Embed Pods Frameworks";
			outputPaths = (
			);
			runOnlyForDeploymentPostprocessing = 0;
			shellPath = /bin/sh;
			shellScript = "\"${SRCROOT}/Pods/Target Support Files/Pods-OC_RNTests/Pods-OC_RNTests-frameworks.sh\"\n";
			showEnvVarsInLog = 0;
		};
		D0477371BB13C835DA4C1A41 /* [CP] Check Pods Manifest.lock */ = {
			isa = PBXShellScriptBuildPhase;
			buildActionMask = 2147483647;
			files = (
			);
			inputPaths = (
				"${PODS_PODFILE_DIR_PATH}/Podfile.lock",
				"${PODS_ROOT}/Manifest.lock",
			);
			name = "[CP] Check Pods Manifest.lock";
			outputPaths = (
				"$(DERIVED_FILE_DIR)/Pods-OC_RNTests-checkManifestLockResult.txt",
			);
			runOnlyForDeploymentPostprocessing = 0;
			shellPath = /bin/sh;
			shellScript = "diff \"${PODS_PODFILE_DIR_PATH}/Podfile.lock\" \"${PODS_ROOT}/Manifest.lock\" > /dev/null\nif [ $? != 0 ] ; then\n    # print error to STDERR\n    echo \"error: The sandbox is not in sync with the Podfile.lock. Run 'pod install' or update your CocoaPods installation.\" >&2\n    exit 1\nfi\n# This output is used by Xcode 'outputs' to avoid re-running this script phase.\necho \"SUCCESS\" > \"${SCRIPT_OUTPUT_FILE_0}\"\n";
			showEnvVarsInLog = 0;
		};
		D67EABD86CA823CED49C499C /* [CP] Check Pods Manifest.lock */ = {
			isa = PBXShellScriptBuildPhase;
			buildActionMask = 2147483647;
			files = (
			);
			inputPaths = (
				"${PODS_PODFILE_DIR_PATH}/Podfile.lock",
				"${PODS_ROOT}/Manifest.lock",
			);
			name = "[CP] Check Pods Manifest.lock";
			outputPaths = (
				"$(DERIVED_FILE_DIR)/Pods-OC_RNUITests-checkManifestLockResult.txt",
			);
			runOnlyForDeploymentPostprocessing = 0;
			shellPath = /bin/sh;
			shellScript = "diff \"${PODS_PODFILE_DIR_PATH}/Podfile.lock\" \"${PODS_ROOT}/Manifest.lock\" > /dev/null\nif [ $? != 0 ] ; then\n    # print error to STDERR\n    echo \"error: The sandbox is not in sync with the Podfile.lock. Run 'pod install' or update your CocoaPods installation.\" >&2\n    exit 1\nfi\n# This output is used by Xcode 'outputs' to avoid re-running this script phase.\necho \"SUCCESS\" > \"${SCRIPT_OUTPUT_FILE_0}\"\n";
			showEnvVarsInLog = 0;
		};
/* End PBXShellScriptBuildPhase section */

/* Begin PBXSourcesBuildPhase section */
		C34A498F2003670200FEBB50 /* Sources */ = {
			isa = PBXSourcesBuildPhase;
			buildActionMask = 2147483647;
			files = (
				C34A499B2003670200FEBB50 /* ViewController.m in Sources */,
				C34A49A62003670200FEBB50 /* main.m in Sources */,
				C34A49982003670200FEBB50 /* AppDelegate.m in Sources */,
			);
			runOnlyForDeploymentPostprocessing = 0;
		};
		C34A49A72003670200FEBB50 /* Sources */ = {
			isa = PBXSourcesBuildPhase;
			buildActionMask = 2147483647;
			files = (
				C34A49B02003670200FEBB50 /* OC_RNTests.m in Sources */,
			);
			runOnlyForDeploymentPostprocessing = 0;
		};
		C34A49B22003670200FEBB50 /* Sources */ = {
			isa = PBXSourcesBuildPhase;
			buildActionMask = 2147483647;
			files = (
				C34A49BB2003670200FEBB50 /* OC_RNUITests.m in Sources */,
			);
			runOnlyForDeploymentPostprocessing = 0;
		};
/* End PBXSourcesBuildPhase section */

/* Begin PBXTargetDependency section */
		C34A49AD2003670200FEBB50 /* PBXTargetDependency */ = {
			isa = PBXTargetDependency;
			target = C34A49922003670200FEBB50 /* OC_RN */;
			targetProxy = C34A49AC2003670200FEBB50 /* PBXContainerItemProxy */;
		};
		C34A49B82003670200FEBB50 /* PBXTargetDependency */ = {
			isa = PBXTargetDependency;
			target = C34A49922003670200FEBB50 /* OC_RN */;
			targetProxy = C34A49B72003670200FEBB50 /* PBXContainerItemProxy */;
		};
/* End PBXTargetDependency section */

/* Begin PBXVariantGroup section */
		C34A499C2003670200FEBB50 /* Main.storyboard */ = {
			isa = PBXVariantGroup;
			children = (
				C34A499D2003670200FEBB50 /* Base */,
			);
			name = Main.storyboard;
			sourceTree = "<group>";
		};
		C34A49A12003670200FEBB50 /* LaunchScreen.storyboard */ = {
			isa = PBXVariantGroup;
			children = (
				C34A49A22003670200FEBB50 /* Base */,
			);
			name = LaunchScreen.storyboard;
			sourceTree = "<group>";
		};
/* End PBXVariantGroup section */

/* Begin XCBuildConfiguration section */
		C34A49BD2003670200FEBB50 /* Debug */ = {
			isa = XCBuildConfiguration;
			buildSettings = {
				ALWAYS_SEARCH_USER_PATHS = NO;
				CLANG_ANALYZER_NONNULL = YES;
				CLANG_ANALYZER_NUMBER_OBJECT_CONVERSION = YES_AGGRESSIVE;
				CLANG_CXX_LANGUAGE_STANDARD = "gnu++14";
				CLANG_CXX_LIBRARY = "libc++";
				CLANG_ENABLE_MODULES = YES;
				CLANG_ENABLE_OBJC_ARC = YES;
				CLANG_WARN_BLOCK_CAPTURE_AUTORELEASING = YES;
				CLANG_WARN_BOOL_CONVERSION = YES;
				CLANG_WARN_COMMA = YES;
				CLANG_WARN_CONSTANT_CONVERSION = YES;
				CLANG_WARN_DIRECT_OBJC_ISA_USAGE = YES_ERROR;
				CLANG_WARN_DOCUMENTATION_COMMENTS = YES;
				CLANG_WARN_EMPTY_BODY = YES;
				CLANG_WARN_ENUM_CONVERSION = YES;
				CLANG_WARN_INFINITE_RECURSION = YES;
				CLANG_WARN_INT_CONVERSION = YES;
				CLANG_WARN_NON_LITERAL_NULL_CONVERSION = YES;
				CLANG_WARN_OBJC_LITERAL_CONVERSION = YES;
				CLANG_WARN_OBJC_ROOT_CLASS = YES_ERROR;
				CLANG_WARN_RANGE_LOOP_ANALYSIS = YES;
				CLANG_WARN_STRICT_PROTOTYPES = YES;
				CLANG_WARN_SUSPICIOUS_MOVE = YES;
				CLANG_WARN_UNGUARDED_AVAILABILITY = YES_AGGRESSIVE;
				CLANG_WARN_UNREACHABLE_CODE = YES;
				CLANG_WARN__DUPLICATE_METHOD_MATCH = YES;
				CODE_SIGN_IDENTITY = "iPhone Developer";
				COPY_PHASE_STRIP = NO;
				DEBUG_INFORMATION_FORMAT = dwarf;
				ENABLE_STRICT_OBJC_MSGSEND = YES;
				ENABLE_TESTABILITY = YES;
				GCC_C_LANGUAGE_STANDARD = gnu11;
				GCC_DYNAMIC_NO_PIC = NO;
				GCC_NO_COMMON_BLOCKS = YES;
				GCC_OPTIMIZATION_LEVEL = 0;
				GCC_PREPROCESSOR_DEFINITIONS = (
					"DEBUG=1",
					"$(inherited)",
				);
				GCC_WARN_64_TO_32_BIT_CONVERSION = YES;
				GCC_WARN_ABOUT_RETURN_TYPE = YES_ERROR;
				GCC_WARN_UNDECLARED_SELECTOR = YES;
				GCC_WARN_UNINITIALIZED_AUTOS = YES_AGGRESSIVE;
				GCC_WARN_UNUSED_FUNCTION = YES;
				GCC_WARN_UNUSED_VARIABLE = YES;
				IPHONEOS_DEPLOYMENT_TARGET = 11.2;
				MTL_ENABLE_DEBUG_INFO = YES;
				ONLY_ACTIVE_ARCH = YES;
				SDKROOT = iphoneos;
			};
			name = Debug;
		};
		C34A49BE2003670200FEBB50 /* Release */ = {
			isa = XCBuildConfiguration;
			buildSettings = {
				ALWAYS_SEARCH_USER_PATHS = NO;
				CLANG_ANALYZER_NONNULL = YES;
				CLANG_ANALYZER_NUMBER_OBJECT_CONVERSION = YES_AGGRESSIVE;
				CLANG_CXX_LANGUAGE_STANDARD = "gnu++14";
				CLANG_CXX_LIBRARY = "libc++";
				CLANG_ENABLE_MODULES = YES;
				CLANG_ENABLE_OBJC_ARC = YES;
				CLANG_WARN_BLOCK_CAPTURE_AUTORELEASING = YES;
				CLANG_WARN_BOOL_CONVERSION = YES;
				CLANG_WARN_COMMA = YES;
				CLANG_WARN_CONSTANT_CONVERSION = YES;
				CLANG_WARN_DIRECT_OBJC_ISA_USAGE = YES_ERROR;
				CLANG_WARN_DOCUMENTATION_COMMENTS = YES;
				CLANG_WARN_EMPTY_BODY = YES;
				CLANG_WARN_ENUM_CONVERSION = YES;
				CLANG_WARN_INFINITE_RECURSION = YES;
				CLANG_WARN_INT_CONVERSION = YES;
				CLANG_WARN_NON_LITERAL_NULL_CONVERSION = YES;
				CLANG_WARN_OBJC_LITERAL_CONVERSION = YES;
				CLANG_WARN_OBJC_ROOT_CLASS = YES_ERROR;
				CLANG_WARN_RANGE_LOOP_ANALYSIS = YES;
				CLANG_WARN_STRICT_PROTOTYPES = YES;
				CLANG_WARN_SUSPICIOUS_MOVE = YES;
				CLANG_WARN_UNGUARDED_AVAILABILITY = YES_AGGRESSIVE;
				CLANG_WARN_UNREACHABLE_CODE = YES;
				CLANG_WARN__DUPLICATE_METHOD_MATCH = YES;
				CODE_SIGN_IDENTITY = "iPhone Developer";
				COPY_PHASE_STRIP = NO;
				DEBUG_INFORMATION_FORMAT = "dwarf-with-dsym";
				ENABLE_NS_ASSERTIONS = NO;
				ENABLE_STRICT_OBJC_MSGSEND = YES;
				GCC_C_LANGUAGE_STANDARD = gnu11;
				GCC_NO_COMMON_BLOCKS = YES;
				GCC_WARN_64_TO_32_BIT_CONVERSION = YES;
				GCC_WARN_ABOUT_RETURN_TYPE = YES_ERROR;
				GCC_WARN_UNDECLARED_SELECTOR = YES;
				GCC_WARN_UNINITIALIZED_AUTOS = YES_AGGRESSIVE;
				GCC_WARN_UNUSED_FUNCTION = YES;
				GCC_WARN_UNUSED_VARIABLE = YES;
				IPHONEOS_DEPLOYMENT_TARGET = 11.2;
				MTL_ENABLE_DEBUG_INFO = NO;
				SDKROOT = iphoneos;
				VALIDATE_PRODUCT = YES;
			};
			name = Release;
		};
		C34A49C02003670200FEBB50 /* Debug */ = {
			isa = XCBuildConfiguration;
			baseConfigurationReference = E31D0F1D9B853F6D0CE86601 /* Pods-OC_RN.debug.xcconfig */;
			buildSettings = {
				ASSETCATALOG_COMPILER_APPICON_NAME = AppIcon;
				CODE_SIGN_STYLE = Automatic;
				DEVELOPMENT_TEAM = 5A3SR4J693;
				INFOPLIST_FILE = OC_RN/Info.plist;
				LD_RUNPATH_SEARCH_PATHS = "$(inherited) @executable_path/Frameworks";
				PRODUCT_BUNDLE_IDENTIFIER = "Wenter.Zhu.OC-RN";
				PRODUCT_NAME = "$(TARGET_NAME)";
				TARGETED_DEVICE_FAMILY = "1,2";
			};
			name = Debug;
		};
		C34A49C12003670200FEBB50 /* Release */ = {
			isa = XCBuildConfiguration;
			baseConfigurationReference = 0389A32D874F6D173582EFBA /* Pods-OC_RN.release.xcconfig */;
			buildSettings = {
				ASSETCATALOG_COMPILER_APPICON_NAME = AppIcon;
				CODE_SIGN_STYLE = Automatic;
				DEVELOPMENT_TEAM = 5A3SR4J693;
				INFOPLIST_FILE = OC_RN/Info.plist;
				LD_RUNPATH_SEARCH_PATHS = "$(inherited) @executable_path/Frameworks";
				PRODUCT_BUNDLE_IDENTIFIER = "Wenter.Zhu.OC-RN";
				PRODUCT_NAME = "$(TARGET_NAME)";
				TARGETED_DEVICE_FAMILY = "1,2";
			};
			name = Release;
		};
		C34A49C32003670200FEBB50 /* Debug */ = {
			isa = XCBuildConfiguration;
			baseConfigurationReference = 6758F49C1FD9AD39544CB146 /* Pods-OC_RNTests.debug.xcconfig */;
			buildSettings = {
				BUNDLE_LOADER = "$(TEST_HOST)";
				CODE_SIGN_STYLE = Automatic;
				INFOPLIST_FILE = OC_RNTests/Info.plist;
				LD_RUNPATH_SEARCH_PATHS = "$(inherited) @executable_path/Frameworks @loader_path/Frameworks";
				PRODUCT_BUNDLE_IDENTIFIER = "Wenter.Zhu.test.ocrn.OC-RNTests";
				PRODUCT_NAME = "$(TARGET_NAME)";
				TARGETED_DEVICE_FAMILY = "1,2";
				TEST_HOST = "$(BUILT_PRODUCTS_DIR)/OC_RN.app/OC_RN";
			};
			name = Debug;
		};
		C34A49C42003670200FEBB50 /* Release */ = {
			isa = XCBuildConfiguration;
			baseConfigurationReference = AADD4720F9D8F9ED4E13B4F7 /* Pods-OC_RNTests.release.xcconfig */;
			buildSettings = {
				BUNDLE_LOADER = "$(TEST_HOST)";
				CODE_SIGN_STYLE = Automatic;
				INFOPLIST_FILE = OC_RNTests/Info.plist;
				LD_RUNPATH_SEARCH_PATHS = "$(inherited) @executable_path/Frameworks @loader_path/Frameworks";
				PRODUCT_BUNDLE_IDENTIFIER = "Wenter.Zhu.test.ocrn.OC-RNTests";
				PRODUCT_NAME = "$(TARGET_NAME)";
				TARGETED_DEVICE_FAMILY = "1,2";
				TEST_HOST = "$(BUILT_PRODUCTS_DIR)/OC_RN.app/OC_RN";
			};
			name = Release;
		};
		C34A49C62003670200FEBB50 /* Debug */ = {
			isa = XCBuildConfiguration;
			baseConfigurationReference = 6B88EB4EAD136C8AD87847FF /* Pods-OC_RNUITests.debug.xcconfig */;
			buildSettings = {
				CODE_SIGN_STYLE = Automatic;
				INFOPLIST_FILE = OC_RNUITests/Info.plist;
				LD_RUNPATH_SEARCH_PATHS = "$(inherited) @executable_path/Frameworks @loader_path/Frameworks";
				PRODUCT_BUNDLE_IDENTIFIER = "Wenter.Zhu.test.ocrn.OC-RNUITests";
				PRODUCT_NAME = "$(TARGET_NAME)";
				TARGETED_DEVICE_FAMILY = "1,2";
				TEST_TARGET_NAME = OC_RN;
			};
			name = Debug;
		};
		C34A49C72003670200FEBB50 /* Release */ = {
			isa = XCBuildConfiguration;
			baseConfigurationReference = 09BFC51F59339387BD086F57 /* Pods-OC_RNUITests.release.xcconfig */;
			buildSettings = {
				CODE_SIGN_STYLE = Automatic;
				INFOPLIST_FILE = OC_RNUITests/Info.plist;
				LD_RUNPATH_SEARCH_PATHS = "$(inherited) @executable_path/Frameworks @loader_path/Frameworks";
				PRODUCT_BUNDLE_IDENTIFIER = "Wenter.Zhu.test.ocrn.OC-RNUITests";
				PRODUCT_NAME = "$(TARGET_NAME)";
				TARGETED_DEVICE_FAMILY = "1,2";
				TEST_TARGET_NAME = OC_RN;
			};
			name = Release;
		};
/* End XCBuildConfiguration section */

/* Begin XCConfigurationList section */
		C34A498E2003670200FEBB50 /* Build configuration list for PBXProject "OC_RN" */ = {
			isa = XCConfigurationList;
			buildConfigurations = (
				C34A49BD2003670200FEBB50 /* Debug */,
				C34A49BE2003670200FEBB50 /* Release */,
			);
			defaultConfigurationIsVisible = 0;
			defaultConfigurationName = Release;
		};
		C34A49BF2003670200FEBB50 /* Build configuration list for PBXNativeTarget "OC_RN" */ = {
			isa = XCConfigurationList;
			buildConfigurations = (
				C34A49C02003670200FEBB50 /* Debug */,
				C34A49C12003670200FEBB50 /* Release */,
			);
			defaultConfigurationIsVisible = 0;
			defaultConfigurationName = Release;
		};
		C34A49C22003670200FEBB50 /* Build configuration list for PBXNativeTarget "OC_RNTests" */ = {
			isa = XCConfigurationList;
			buildConfigurations = (
				C34A49C32003670200FEBB50 /* Debug */,
				C34A49C42003670200FEBB50 /* Release */,
			);
			defaultConfigurationIsVisible = 0;
			defaultConfigurationName = Release;
		};
		C34A49C52003670200FEBB50 /* Build configuration list for PBXNativeTarget "OC_RNUITests" */ = {
			isa = XCConfigurationList;
			buildConfigurations = (
				C34A49C62003670200FEBB50 /* Debug */,
				C34A49C72003670200FEBB50 /* Release */,
			);
			defaultConfigurationIsVisible = 0;
			defaultConfigurationName = Release;
		};
/* End XCConfigurationList section */
	};
	rootObject = C34A498B2003670200FEBB50 /* Project object */;
}
